
Microsoft Visual Studio Solution File, Format Version 12.00
Project("{FAE04EC0-301F-11D3-BF4B-00C04F79EFBC}") = "QuietRoom.Server", "QuietRoom.Server\QuietRoom.Server.csproj", "{ED106FA4-0B58-44D5-9EDC-C99F12C574FD}"
EndProject
Global
	GlobalSection(SolutionConfigurationPlatforms) = preSolution
		Debug|Any CPU = Debug|Any CPU
		Release|Any CPU = Release|Any CPU
	EndGlobalSection
	GlobalSection(ProjectConfigurationPlatforms) = postSolution
		{ED106FA4-0B58-44D5-9EDC-C99F12C574FD}.Debug|Any CPU.ActiveCfg = Debug|Any CPU
		{ED106FA4-0B58-44D5-9EDC-C99F12C574FD}.Debug|Any CPU.Build.0 = Debug|Any CPU
		{ED106FA4-0B58-44D5-9EDC-C99F12C574FD}.Release|Any CPU.ActiveCfg = Release|Any CPU
		{ED106FA4-0B58-44D5-9EDC-C99F12C574FD}.Release|Any CPU.Build.0 = Release|Any CPU
	EndGlobalSection
EndGlobal
